// !$*UTF8*$!
{
	archiveVersion = 1;
	classes = {
	};
	objectVersion = 46;
	objects = {

/* Begin PBXBuildFile section */
		53148C1F1BE70FF0E342A9FC /* Pods_SweatFree.framework in Frameworks */ = {isa = PBXBuildFile; fileRef = C4BF22A127F5929544E3F3B2 /* Pods_SweatFree.framework */; };
		A49E01671DBAC87D00627302 /* AppDelegate.swift in Sources */ = {isa = PBXBuildFile; fileRef = A49E01661DBAC87D00627302 /* AppDelegate.swift */; };
		A49E01691DBAC87D00627302 /* ViewController.swift in Sources */ = {isa = PBXBuildFile; fileRef = A49E01681DBAC87D00627302 /* ViewController.swift */; };
		A49E016C1DBAC87D00627302 /* Main.storyboard in Resources */ = {isa = PBXBuildFile; fileRef = A49E016A1DBAC87D00627302 /* Main.storyboard */; };
		A49E016F1DBAC87D00627302 /* SweatFree.xcdatamodeld in Sources */ = {isa = PBXBuildFile; fileRef = A49E016D1DBAC87D00627302 /* SweatFree.xcdatamodeld */; };
		A49E01711DBAC87D00627302 /* Assets.xcassets in Resources */ = {isa = PBXBuildFile; fileRef = A49E01701DBAC87D00627302 /* Assets.xcassets */; };
		A49E01741DBAC87D00627302 /* LaunchScreen.storyboard in Resources */ = {isa = PBXBuildFile; fileRef = A49E01721DBAC87D00627302 /* LaunchScreen.storyboard */; };
		A49E017D1DBAC91300627302 /* User.swift in Sources */ = {isa = PBXBuildFile; fileRef = A49E017C1DBAC91300627302 /* User.swift */; };
		A49E017F1DBAC94700627302 /* UserDataStore.swift in Sources */ = {isa = PBXBuildFile; fileRef = A49E017E1DBAC94700627302 /* UserDataStore.swift */; };
		A49E01821DBAC99F00627302 /* EventbriteAPIClient.swift in Sources */ = {isa = PBXBuildFile; fileRef = A49E01811DBAC99F00627302 /* EventbriteAPIClient.swift */; };
		A49E01841DBAC9BA00627302 /* FitnessEvent.swift in Sources */ = {isa = PBXBuildFile; fileRef = A49E01831DBAC9BA00627302 /* FitnessEvent.swift */; };
		A49E01861DBAC9CC00627302 /* FitnessEventDataStore.swift in Sources */ = {isa = PBXBuildFile; fileRef = A49E01851DBAC9CC00627302 /* FitnessEventDataStore.swift */; };
		A49E01891DBACA0B00627302 /* MapboxGeocodingAPIClient.swift in Sources */ = {isa = PBXBuildFile; fileRef = A49E01881DBACA0B00627302 /* MapboxGeocodingAPIClient.swift */; };
		A49E018B1DBACA3200627302 /* MapboxDirectionsAPIClient.swift in Sources */ = {isa = PBXBuildFile; fileRef = A49E018A1DBACA3200627302 /* MapboxDirectionsAPIClient.swift */; };
		A49E018D1DBACC9800627302 /* Secrets.swift in Sources */ = {isa = PBXBuildFile; fileRef = A49E018C1DBACC9800627302 /* Secrets.swift */; };
		A49E01911DBAD3EE00627302 /* MapViewController.swift in Sources */ = {isa = PBXBuildFile; fileRef = A49E01901DBAD3EE00627302 /* MapViewController.swift */; };
		A4C4EC6E1DC02AF4001114B5 /* UserLocationViewController.swift in Sources */ = {isa = PBXBuildFile; fileRef = A4C4EC6D1DC02AF4001114B5 /* UserLocationViewController.swift */; };
		A4C5A6201DBBDA6C0060FF4F /* colorPalette.swift in Sources */ = {isa = PBXBuildFile; fileRef = A4C5A61F1DBBDA6C0060FF4F /* colorPalette.swift */; };
/* End PBXBuildFile section */

/* Begin PBXFileReference section */
		80373E81633ACF79B7D4C379 /* Pods-SweatFree.release.xcconfig */ = {isa = PBXFileReference; includeInIndex = 1; lastKnownFileType = text.xcconfig; name = "Pods-SweatFree.release.xcconfig"; path = "Pods/Target Support Files/Pods-SweatFree/Pods-SweatFree.release.xcconfig"; sourceTree = "<group>"; };
		97028F3BD1008783C6C65E65 /* Pods-SweatFree.debug.xcconfig */ = {isa = PBXFileReference; includeInIndex = 1; lastKnownFileType = text.xcconfig; name = "Pods-SweatFree.debug.xcconfig"; path = "Pods/Target Support Files/Pods-SweatFree/Pods-SweatFree.debug.xcconfig"; sourceTree = "<group>"; };
		A49E01631DBAC87D00627302 /* SweatFree.app */ = {isa = PBXFileReference; explicitFileType = wrapper.application; includeInIndex = 0; path = SweatFree.app; sourceTree = BUILT_PRODUCTS_DIR; };
		A49E01661DBAC87D00627302 /* AppDelegate.swift */ = {isa = PBXFileReference; lastKnownFileType = sourcecode.swift; path = AppDelegate.swift; sourceTree = "<group>"; };
		A49E01681DBAC87D00627302 /* ViewController.swift */ = {isa = PBXFileReference; lastKnownFileType = sourcecode.swift; path = ViewController.swift; sourceTree = "<group>"; };
		A49E016B1DBAC87D00627302 /* Base */ = {isa = PBXFileReference; lastKnownFileType = file.storyboard; name = Base; path = Base.lproj/Main.storyboard; sourceTree = "<group>"; };
		A49E016E1DBAC87D00627302 /* SweatFree.xcdatamodel */ = {isa = PBXFileReference; lastKnownFileType = wrapper.xcdatamodel; path = SweatFree.xcdatamodel; sourceTree = "<group>"; };
		A49E01701DBAC87D00627302 /* Assets.xcassets */ = {isa = PBXFileReference; lastKnownFileType = folder.assetcatalog; path = Assets.xcassets; sourceTree = "<group>"; };
		A49E01731DBAC87D00627302 /* Base */ = {isa = PBXFileReference; lastKnownFileType = file.storyboard; name = Base; path = Base.lproj/LaunchScreen.storyboard; sourceTree = "<group>"; };
		A49E01751DBAC87D00627302 /* Info.plist */ = {isa = PBXFileReference; lastKnownFileType = text.plist.xml; path = Info.plist; sourceTree = "<group>"; };
		A49E017C1DBAC91300627302 /* User.swift */ = {isa = PBXFileReference; fileEncoding = 4; lastKnownFileType = sourcecode.swift; path = User.swift; sourceTree = "<group>"; };
		A49E017E1DBAC94700627302 /* UserDataStore.swift */ = {isa = PBXFileReference; fileEncoding = 4; lastKnownFileType = sourcecode.swift; path = UserDataStore.swift; sourceTree = "<group>"; };
		A49E01811DBAC99F00627302 /* EventbriteAPIClient.swift */ = {isa = PBXFileReference; fileEncoding = 4; lastKnownFileType = sourcecode.swift; path = EventbriteAPIClient.swift; sourceTree = "<group>"; };
		A49E01831DBAC9BA00627302 /* FitnessEvent.swift */ = {isa = PBXFileReference; fileEncoding = 4; lastKnownFileType = sourcecode.swift; path = FitnessEvent.swift; sourceTree = "<group>"; };
		A49E01851DBAC9CC00627302 /* FitnessEventDataStore.swift */ = {isa = PBXFileReference; fileEncoding = 4; lastKnownFileType = sourcecode.swift; path = FitnessEventDataStore.swift; sourceTree = "<group>"; };
		A49E01881DBACA0B00627302 /* MapboxGeocodingAPIClient.swift */ = {isa = PBXFileReference; fileEncoding = 4; lastKnownFileType = sourcecode.swift; path = MapboxGeocodingAPIClient.swift; sourceTree = "<group>"; };
		A49E018A1DBACA3200627302 /* MapboxDirectionsAPIClient.swift */ = {isa = PBXFileReference; fileEncoding = 4; lastKnownFileType = sourcecode.swift; path = MapboxDirectionsAPIClient.swift; sourceTree = "<group>"; };
		A49E018C1DBACC9800627302 /* Secrets.swift */ = {isa = PBXFileReference; fileEncoding = 4; lastKnownFileType = sourcecode.swift; path = Secrets.swift; sourceTree = "<group>"; };
		A49E01901DBAD3EE00627302 /* MapViewController.swift */ = {isa = PBXFileReference; fileEncoding = 4; lastKnownFileType = sourcecode.swift; path = MapViewController.swift; sourceTree = "<group>"; };
		A4C4EC6D1DC02AF4001114B5 /* UserLocationViewController.swift */ = {isa = PBXFileReference; fileEncoding = 4; lastKnownFileType = sourcecode.swift; path = UserLocationViewController.swift; sourceTree = "<group>"; };
		A4C5A61F1DBBDA6C0060FF4F /* colorPalette.swift */ = {isa = PBXFileReference; fileEncoding = 4; lastKnownFileType = sourcecode.swift; path = colorPalette.swift; sourceTree = "<group>"; };
		C4BF22A127F5929544E3F3B2 /* Pods_SweatFree.framework */ = {isa = PBXFileReference; explicitFileType = wrapper.framework; includeInIndex = 0; path = Pods_SweatFree.framework; sourceTree = BUILT_PRODUCTS_DIR; };
/* End PBXFileReference section */

/* Begin PBXFrameworksBuildPhase section */
		A49E01601DBAC87B00627302 /* Frameworks */ = {
			isa = PBXFrameworksBuildPhase;
			buildActionMask = 2147483647;
			files = (
				53148C1F1BE70FF0E342A9FC /* Pods_SweatFree.framework in Frameworks */,
			);
			runOnlyForDeploymentPostprocessing = 0;
		};
/* End PBXFrameworksBuildPhase section */

/* Begin PBXGroup section */
		4614321CC93C1135C5F178EC /* Frameworks */ = {
			isa = PBXGroup;
			children = (
				C4BF22A127F5929544E3F3B2 /* Pods_SweatFree.framework */,
			);
			name = Frameworks;
			sourceTree = "<group>";
		};
		707C81075B45AF5BDB5383D0 /* Pods */ = {
			isa = PBXGroup;
			children = (
				97028F3BD1008783C6C65E65 /* Pods-SweatFree.debug.xcconfig */,
				80373E81633ACF79B7D4C379 /* Pods-SweatFree.release.xcconfig */,
			);
			name = Pods;
			sourceTree = "<group>";
		};
		A49E015A1DBAC87B00627302 = {
			isa = PBXGroup;
			children = (
				A49E01651DBAC87D00627302 /* SweatFree */,
				A49E01641DBAC87D00627302 /* Products */,
				707C81075B45AF5BDB5383D0 /* Pods */,
				4614321CC93C1135C5F178EC /* Frameworks */,
			);
			sourceTree = "<group>";
		};
		A49E01641DBAC87D00627302 /* Products */ = {
			isa = PBXGroup;
			children = (
				A49E01631DBAC87D00627302 /* SweatFree.app */,
			);
			name = Products;
			sourceTree = "<group>";
		};
		A49E01651DBAC87D00627302 /* SweatFree */ = {
			isa = PBXGroup;
			children = (
				A49E01871DBAC9FB00627302 /* Maps */,
				A49E01801DBAC96500627302 /* Fitness Events */,
				A49E017B1DBAC8EF00627302 /* User Information */,
				A49E018E1DBAD12C00627302 /* View Controllers */,
				A49E018F1DBAD14700627302 /* Storyboards */,
				A49E01661DBAC87D00627302 /* AppDelegate.swift */,
				A49E01701DBAC87D00627302 /* Assets.xcassets */,
				A49E01751DBAC87D00627302 /* Info.plist */,
				A49E016D1DBAC87D00627302 /* SweatFree.xcdatamodeld */,
				A49E018C1DBACC9800627302 /* Secrets.swift */,
				A4C5A61F1DBBDA6C0060FF4F /* colorPalette.swift */,
			);
			path = SweatFree;
			sourceTree = "<group>";
		};
		A49E017B1DBAC8EF00627302 /* User Information */ = {
			isa = PBXGroup;
			children = (
				A49E017C1DBAC91300627302 /* User.swift */,
				A49E017E1DBAC94700627302 /* UserDataStore.swift */,
			);
			name = "User Information";
			sourceTree = "<group>";
		};
		A49E01801DBAC96500627302 /* Fitness Events */ = {
			isa = PBXGroup;
			children = (
				A49E01811DBAC99F00627302 /* EventbriteAPIClient.swift */,
				A49E01831DBAC9BA00627302 /* FitnessEvent.swift */,
				A49E01851DBAC9CC00627302 /* FitnessEventDataStore.swift */,
			);
			name = "Fitness Events";
			sourceTree = "<group>";
		};
		A49E01871DBAC9FB00627302 /* Maps */ = {
			isa = PBXGroup;
			children = (
				A49E01881DBACA0B00627302 /* MapboxGeocodingAPIClient.swift */,
				A49E018A1DBACA3200627302 /* MapboxDirectionsAPIClient.swift */,
			);
			name = Maps;
			sourceTree = "<group>";
		};
		A49E018E1DBAD12C00627302 /* View Controllers */ = {
			isa = PBXGroup;
			children = (
				A49E01681DBAC87D00627302 /* ViewController.swift */,
				A49E01901DBAD3EE00627302 /* MapViewController.swift */,
				A4C4EC6D1DC02AF4001114B5 /* UserLocationViewController.swift */,
			);
			name = "View Controllers";
			sourceTree = "<group>";
		};
		A49E018F1DBAD14700627302 /* Storyboards */ = {
			isa = PBXGroup;
			children = (
				A49E016A1DBAC87D00627302 /* Main.storyboard */,
				A49E01721DBAC87D00627302 /* LaunchScreen.storyboard */,
			);
			name = Storyboards;
			sourceTree = "<group>";
		};
/* End PBXGroup section */

/* Begin PBXNativeTarget section */
		A49E01621DBAC87B00627302 /* SweatFree */ = {
			isa = PBXNativeTarget;
			buildConfigurationList = A49E01781DBAC87D00627302 /* Build configuration list for PBXNativeTarget "SweatFree" */;
			buildPhases = (
				F7EBF929E5C3513093DEF448 /* [CP] Check Pods Manifest.lock */,
				A49E015F1DBAC87B00627302 /* Sources */,
				A49E01601DBAC87B00627302 /* Frameworks */,
				A49E01611DBAC87B00627302 /* Resources */,
				F6C881E8158130808C034335 /* [CP] Embed Pods Frameworks */,
				8686A9293C01BD47F29FDF2A /* [CP] Copy Pods Resources */,
			);
			buildRules = (
			);
			dependencies = (
			);
			name = SweatFree;
			productName = SweatFree;
			productReference = A49E01631DBAC87D00627302 /* SweatFree.app */;
			productType = "com.apple.product-type.application";
		};
/* End PBXNativeTarget section */

/* Begin PBXProject section */
		A49E015B1DBAC87B00627302 /* Project object */ = {
			isa = PBXProject;
			attributes = {
				LastSwiftUpdateCheck = 0800;
				LastUpgradeCheck = 0800;
				ORGANIZATIONNAME = "Betty Fung";
				TargetAttributes = {
					A49E01621DBAC87B00627302 = {
						CreatedOnToolsVersion = 8.0;
						ProvisioningStyle = Automatic;
					};
				};
			};
			buildConfigurationList = A49E015E1DBAC87B00627302 /* Build configuration list for PBXProject "SweatFree" */;
			compatibilityVersion = "Xcode 3.2";
			developmentRegion = English;
			hasScannedForEncodings = 0;
			knownRegions = (
				en,
				Base,
			);
			mainGroup = A49E015A1DBAC87B00627302;
			productRefGroup = A49E01641DBAC87D00627302 /* Products */;
			projectDirPath = "";
			projectRoot = "";
			targets = (
				A49E01621DBAC87B00627302 /* SweatFree */,
			);
		};
/* End PBXProject section */

/* Begin PBXResourcesBuildPhase section */
		A49E01611DBAC87B00627302 /* Resources */ = {
			isa = PBXResourcesBuildPhase;
			buildActionMask = 2147483647;
			files = (
				A49E01741DBAC87D00627302 /* LaunchScreen.storyboard in Resources */,
				A49E01711DBAC87D00627302 /* Assets.xcassets in Resources */,
				A49E016C1DBAC87D00627302 /* Main.storyboard in Resources */,
			);
			runOnlyForDeploymentPostprocessing = 0;
		};
/* End PBXResourcesBuildPhase section */

/* Begin PBXShellScriptBuildPhase section */
		8686A9293C01BD47F29FDF2A /* [CP] Copy Pods Resources */ = {
			isa = PBXShellScriptBuildPhase;
			buildActionMask = 2147483647;
			files = (
			);
			inputPaths = (
			);
			name = "[CP] Copy Pods Resources";
			outputPaths = (
			);
			runOnlyForDeploymentPostprocessing = 0;
			shellPath = /bin/sh;
			shellScript = "\"${SRCROOT}/Pods/Target Support Files/Pods-SweatFree/Pods-SweatFree-resources.sh\"\n";
			showEnvVarsInLog = 0;
		};
		F6C881E8158130808C034335 /* [CP] Embed Pods Frameworks */ = {
			isa = PBXShellScriptBuildPhase;
			buildActionMask = 2147483647;
			files = (
			);
			inputPaths = (
			);
			name = "[CP] Embed Pods Frameworks";
			outputPaths = (
			);
			runOnlyForDeploymentPostprocessing = 0;
			shellPath = /bin/sh;
			shellScript = "\"${SRCROOT}/Pods/Target Support Files/Pods-SweatFree/Pods-SweatFree-frameworks.sh\"\n";
			showEnvVarsInLog = 0;
		};
		F7EBF929E5C3513093DEF448 /* [CP] Check Pods Manifest.lock */ = {
			isa = PBXShellScriptBuildPhase;
			buildActionMask = 2147483647;
			files = (
			);
			inputPaths = (
			);
			name = "[CP] Check Pods Manifest.lock";
			outputPaths = (
			);
			runOnlyForDeploymentPostprocessing = 0;
			shellPath = /bin/sh;
			shellScript = "diff \"${PODS_ROOT}/../Podfile.lock\" \"${PODS_ROOT}/Manifest.lock\" > /dev/null\nif [ $? != 0 ] ; then\n    # print error to STDERR\n    echo \"error: The sandbox is not in sync with the Podfile.lock. Run 'pod install' or update your CocoaPods installation.\" >&2\n    exit 1\nfi\n";
			showEnvVarsInLog = 0;
		};
/* End PBXShellScriptBuildPhase section */

/* Begin PBXSourcesBuildPhase section */
		A49E015F1DBAC87B00627302 /* Sources */ = {
			isa = PBXSourcesBuildPhase;
			buildActionMask = 2147483647;
			files = (
				A49E01891DBACA0B00627302 /* MapboxGeocodingAPIClient.swift in Sources */,
				A49E01841DBAC9BA00627302 /* FitnessEvent.swift in Sources */,
				A49E017D1DBAC91300627302 /* User.swift in Sources */,
				A49E01691DBAC87D00627302 /* ViewController.swift in Sources */,
				A49E01861DBAC9CC00627302 /* FitnessEventDataStore.swift in Sources */,
				A49E016F1DBAC87D00627302 /* SweatFree.xcdatamodeld in Sources */,
				A4C4EC6E1DC02AF4001114B5 /* UserLocationViewController.swift in Sources */,
				A4C5A6201DBBDA6C0060FF4F /* colorPalette.swift in Sources */,
				A49E018B1DBACA3200627302 /* MapboxDirectionsAPIClient.swift in Sources */,
				A49E01911DBAD3EE00627302 /* MapViewController.swift in Sources */,
				A49E01821DBAC99F00627302 /* EventbriteAPIClient.swift in Sources */,
				A49E017F1DBAC94700627302 /* UserDataStore.swift in Sources */,
				A49E01671DBAC87D00627302 /* AppDelegate.swift in Sources */,
				A49E018D1DBACC9800627302 /* Secrets.swift in Sources */,
			);
			runOnlyForDeploymentPostprocessing = 0;
		};
/* End PBXSourcesBuildPhase section */

/* Begin PBXVariantGroup section */
		A49E016A1DBAC87D00627302 /* Main.storyboard */ = {
			isa = PBXVariantGroup;
			children = (
				A49E016B1DBAC87D00627302 /* Base */,
			);
			name = Main.storyboard;
			sourceTree = "<group>";
		};
		A49E01721DBAC87D00627302 /* LaunchScreen.storyboard */ = {
			isa = PBXVariantGroup;
			children = (
				A49E01731DBAC87D00627302 /* Base */,
			);
			name = LaunchScreen.storyboard;
			sourceTree = "<group>";
		};
/* End PBXVariantGroup section */

/* Begin XCBuildConfiguration section */
		A49E01761DBAC87D00627302 /* Debug */ = {
			isa = XCBuildConfiguration;
			buildSettings = {
				ALWAYS_SEARCH_USER_PATHS = NO;
				CLANG_ANALYZER_NONNULL = YES;
				CLANG_CXX_LANGUAGE_STANDARD = "gnu++0x";
				CLANG_CXX_LIBRARY = "libc++";
				CLANG_ENABLE_MODULES = YES;
				CLANG_ENABLE_OBJC_ARC = YES;
				CLANG_WARN_BOOL_CONVERSION = YES;
				CLANG_WARN_CONSTANT_CONVERSION = YES;
				CLANG_WARN_DIRECT_OBJC_ISA_USAGE = YES_ERROR;
				CLANG_WARN_DOCUMENTATION_COMMENTS = YES;
				CLANG_WARN_EMPTY_BODY = YES;
				CLANG_WARN_ENUM_CONVERSION = YES;
				CLANG_WARN_INFINITE_RECURSION = YES;
				CLANG_WARN_INT_CONVERSION = YES;
				CLANG_WARN_OBJC_ROOT_CLASS = YES_ERROR;
				CLANG_WARN_SUSPICIOUS_MOVES = YES;
				CLANG_WARN_UNREACHABLE_CODE = YES;
				CLANG_WARN__DUPLICATE_METHOD_MATCH = YES;
				"CODE_SIGN_IDENTITY[sdk=iphoneos*]" = "iPhone Developer";
				COPY_PHASE_STRIP = NO;
				DEBUG_INFORMATION_FORMAT = dwarf;
				ENABLE_STRICT_OBJC_MSGSEND = YES;
				ENABLE_TESTABILITY = YES;
				GCC_C_LANGUAGE_STANDARD = gnu99;
				GCC_DYNAMIC_NO_PIC = NO;
				GCC_NO_COMMON_BLOCKS = YES;
				GCC_OPTIMIZATION_LEVEL = 0;
				GCC_PREPROCESSOR_DEFINITIONS = (
					"DEBUG=1",
					"$(inherited)",
				);
				GCC_WARN_64_TO_32_BIT_CONVERSION = YES;
				GCC_WARN_ABOUT_RETURN_TYPE = YES_ERROR;
				GCC_WARN_UNDECLARED_SELECTOR = YES;
				GCC_WARN_UNINITIALIZED_AUTOS = YES_AGGRESSIVE;
				GCC_WARN_UNUSED_FUNCTION = YES;
				GCC_WARN_UNUSED_VARIABLE = YES;
				IPHONEOS_DEPLOYMENT_TARGET = 10.0;
				MTL_ENABLE_DEBUG_INFO = YES;
				ONLY_ACTIVE_ARCH = YES;
				SDKROOT = iphoneos;
				SWIFT_ACTIVE_COMPILATION_CONDITIONS = DEBUG;
				SWIFT_OPTIMIZATION_LEVEL = "-Onone";
			};
			name = Debug;
		};
		A49E01771DBAC87D00627302 /* Release */ = {
			isa = XCBuildConfiguration;
			buildSettings = {
				ALWAYS_SEARCH_USER_PATHS = NO;
				CLANG_ANALYZER_NONNULL = YES;
				CLANG_CXX_LANGUAGE_STANDARD = "gnu++0x";
				CLANG_CXX_LIBRARY = "libc++";
				CLANG_ENABLE_MODULES = YES;
				CLANG_ENABLE_OBJC_ARC = YES;
				CLANG_WARN_BOOL_CONVERSION = YES;
				CLANG_WARN_CONSTANT_CONVERSION = YES;
				CLANG_WARN_DIRECT_OBJC_ISA_USAGE = YES_ERROR;
				CLANG_WARN_DOCUMENTATION_COMMENTS = YES;
				CLANG_WARN_EMPTY_BODY = YES;
				CLANG_WARN_ENUM_CONVERSION = YES;
				CLANG_WARN_INFINITE_RECURSION = YES;
				CLANG_WARN_INT_CONVERSION = YES;
				CLANG_WARN_OBJC_ROOT_CLASS = YES_ERROR;
				CLANG_WARN_SUSPICIOUS_MOVES = YES;
				CLANG_WARN_UNREACHABLE_CODE = YES;
				CLANG_WARN__DUPLICATE_METHOD_MATCH = YES;
				"CODE_SIGN_IDENTITY[sdk=iphoneos*]" = "iPhone Developer";
				COPY_PHASE_STRIP = NO;
				DEBUG_INFORMATION_FORMAT = "dwarf-with-dsym";
				ENABLE_NS_ASSERTIONS = NO;
				ENABLE_STRICT_OBJC_MSGSEND = YES;
				GCC_C_LANGUAGE_STANDARD = gnu99;
				GCC_NO_COMMON_BLOCKS = YES;
				GCC_WARN_64_TO_32_BIT_CONVERSION = YES;
				GCC_WARN_ABOUT_RETURN_TYPE = YES_ERROR;
				GCC_WARN_UNDECLARED_SELECTOR = YES;
				GCC_WARN_UNINITIALIZED_AUTOS = YES_AGGRESSIVE;
				GCC_WARN_UNUSED_FUNCTION = YES;
				GCC_WARN_UNUSED_VARIABLE = YES;
				IPHONEOS_DEPLOYMENT_TARGET = 10.0;
				MTL_ENABLE_DEBUG_INFO = NO;
				SDKROOT = iphoneos;
				SWIFT_OPTIMIZATION_LEVEL = "-Owholemodule";
				VALIDATE_PRODUCT = YES;
			};
			name = Release;
		};
		A49E01791DBAC87D00627302 /* Debug */ = {
			isa = XCBuildConfiguration;
			baseConfigurationReference = 97028F3BD1008783C6C65E65 /* Pods-SweatFree.debug.xcconfig */;
			buildSettings = {
				ASSETCATALOG_COMPILER_APPICON_NAME = AppIcon;
				INFOPLIST_FILE = SweatFree/Info.plist;
				LD_RUNPATH_SEARCH_PATHS = "$(inherited) @executable_path/Frameworks";
				PRODUCT_BUNDLE_IDENTIFIER = bettyfung.SweatFree;
				PRODUCT_NAME = "$(TARGET_NAME)";
				SWIFT_VERSION = 3.0;
			};
			name = Debug;
		};
		A49E017A1DBAC87D00627302 /* Release */ = {
			isa = XCBuildConfiguration;
			baseConfigurationReference = 80373E81633ACF79B7D4C379 /* Pods-SweatFree.release.xcconfig */;
			buildSettings = {
				ASSETCATALOG_COMPILER_APPICON_NAME = AppIcon;
				INFOPLIST_FILE = SweatFree/Info.plist;
				LD_RUNPATH_SEARCH_PATHS = "$(inherited) @executable_path/Frameworks";
				PRODUCT_BUNDLE_IDENTIFIER = bettyfung.SweatFree;
				PRODUCT_NAME = "$(TARGET_NAME)";
				SWIFT_VERSION = 3.0;
			};
			name = Release;
		};
/* End XCBuildConfiguration section */

/* Begin XCConfigurationList section */
		A49E015E1DBAC87B00627302 /* Build configuration list for PBXProject "SweatFree" */ = {
			isa = XCConfigurationList;
			buildConfigurations = (
				A49E01761DBAC87D00627302 /* Debug */,
				A49E01771DBAC87D00627302 /* Release */,
			);
			defaultConfigurationIsVisible = 0;
			defaultConfigurationName = Release;
		};
		A49E01781DBAC87D00627302 /* Build configuration list for PBXNativeTarget "SweatFree" */ = {
			isa = XCConfigurationList;
			buildConfigurations = (
				A49E01791DBAC87D00627302 /* Debug */,
				A49E017A1DBAC87D00627302 /* Release */,
			);
			defaultConfigurationIsVisible = 0;
			defaultConfigurationName = Release;
		};
/* End XCConfigurationList section */

/* Begin XCVersionGroup section */
		A49E016D1DBAC87D00627302 /* SweatFree.xcdatamodeld */ = {
			isa = XCVersionGroup;
			children = (
				A49E016E1DBAC87D00627302 /* SweatFree.xcdatamodel */,
			);
			currentVersion = A49E016E1DBAC87D00627302 /* SweatFree.xcdatamodel */;
			path = SweatFree.xcdatamodeld;
			sourceTree = "<group>";
			versionGroupType = wrapper.xcdatamodel;
		};
/* End XCVersionGroup section */
	};
	rootObject = A49E015B1DBAC87B00627302 /* Project object */;
}
